
Microsoft Visual Studio Solution File, Format Version 12.00
# Visual Studio Version 16
VisualStudioVersion = 16.0.30611.23
MinimumVisualStudioVersion = 10.0.40219.1
Project("{9A19103F-16F7-4668-BE54-9A1E7A4F7556}") = "Cletor", "cletor\Cletor.csproj", "{E18E89FF-0D36-41F5-BD43-76636282893E}"
EndProject
Project("{9A19103F-16F7-4668-BE54-9A1E7A4F7556}") = "Cletor.Tests", "Cletor.Tests\Cletor.Tests.csproj", "{43DA7303-6DCF-4F4B-BEA1-860CD9AA0991}"
EndProject
Project("{2150E333-8FDC-42A3-9474-1A3956D46DE8}") = "Solution Items", "Solution Items", "{D3C80D61-AD14-4DB9-9F20-C594A41C48B8}"
	ProjectSection(SolutionItems) = preProject
		.gitattributes = .gitattributes
		.gitignore = .gitignore
		LICENSE = LICENSE
	EndProjectSection
EndProject
Project("{C7167F0D-BC9F-4E6E-AFE1-012C56B48DB5}") = "Cletor.Packaging", "Cletor.Packaging\Cletor.Packaging.wapproj", "{E152813F-1B80-4857-8151-C3819B520408}"
EndProject
Global
	GlobalSection(SolutionConfigurationPlatforms) = preSolution
		All|Any CPU = All|Any CPU
		All|ARM = All|ARM
		All|ARM64 = All|ARM64
		All|x64 = All|x64
		All|x86 = All|x86
		Debug|Any CPU = Debug|Any CPU
		Debug|ARM = Debug|ARM
		Debug|ARM64 = Debug|ARM64
		Debug|x64 = Debug|x64
		Debug|x86 = Debug|x86
		DefaultBuild|Any CPU = DefaultBuild|Any CPU
		DefaultBuild|ARM = DefaultBuild|ARM
		DefaultBuild|ARM64 = DefaultBuild|ARM64
		DefaultBuild|x64 = DefaultBuild|x64
		DefaultBuild|x86 = DefaultBuild|x86
		Release|Any CPU = Release|Any CPU
		Release|ARM = Release|ARM
		Release|ARM64 = Release|ARM64
		Release|x64 = Release|x64
		Release|x86 = Release|x86
	EndGlobalSection
	GlobalSection(ProjectConfigurationPlatforms) = postSolution
		{E18E89FF-0D36-41F5-BD43-76636282893E}.All|Any CPU.ActiveCfg = Release|Any CPU
		{E18E89FF-0D36-41F5-BD43-76636282893E}.All|Any CPU.Build.0 = Release|Any CPU
		{E18E89FF-0D36-41F5-BD43-76636282893E}.All|ARM.ActiveCfg = Debug|Any CPU
		{E18E89FF-0D36-41F5-BD43-76636282893E}.All|ARM.Build.0 = Debug|Any CPU
		{E18E89FF-0D36-41F5-BD43-76636282893E}.All|ARM64.ActiveCfg = Debug|Any CPU
		{E18E89FF-0D36-41F5-BD43-76636282893E}.All|ARM64.Build.0 = Debug|Any CPU
		{E18E89FF-0D36-41F5-BD43-76636282893E}.All|x64.ActiveCfg = Debug|x64
		{E18E89FF-0D36-41F5-BD43-76636282893E}.All|x64.Build.0 = Debug|x64
		{E18E89FF-0D36-41F5-BD43-76636282893E}.All|x86.ActiveCfg = Debug|x86
		{E18E89FF-0D36-41F5-BD43-76636282893E}.All|x86.Build.0 = Debug|x86
		{E18E89FF-0D36-41F5-BD43-76636282893E}.Debug|Any CPU.ActiveCfg = Debug|Any CPU
		{E18E89FF-0D36-41F5-BD43-76636282893E}.Debug|Any CPU.Build.0 = Debug|Any CPU
		{E18E89FF-0D36-41F5-BD43-76636282893E}.Debug|ARM.ActiveCfg = Debug|Any CPU
		{E18E89FF-0D36-41F5-BD43-76636282893E}.Debug|ARM.Build.0 = Debug|Any CPU
		{E18E89FF-0D36-41F5-BD43-76636282893E}.Debug|ARM64.ActiveCfg = Debug|Any CPU
		{E18E89FF-0D36-41F5-BD43-76636282893E}.Debug|ARM64.Build.0 = Debug|Any CPU
		{E18E89FF-0D36-41F5-BD43-76636282893E}.Debug|x64.ActiveCfg = Debug|x64
		{E18E89FF-0D36-41F5-BD43-76636282893E}.Debug|x64.Build.0 = Debug|x64
		{E18E89FF-0D36-41F5-BD43-76636282893E}.Debug|x86.ActiveCfg = Debug|x86
		{E18E89FF-0D36-41F5-BD43-76636282893E}.Debug|x86.Build.0 = Debug|x86
		{E18E89FF-0D36-41F5-BD43-76636282893E}.DefaultBuild|Any CPU.ActiveCfg = Debug|Any CPU
		{E18E89FF-0D36-41F5-BD43-76636282893E}.DefaultBuild|Any CPU.Build.0 = Debug|Any CPU
		{E18E89FF-0D36-41F5-BD43-76636282893E}.DefaultBuild|ARM.ActiveCfg = Debug|Any CPU
		{E18E89FF-0D36-41F5-BD43-76636282893E}.DefaultBuild|ARM.Build.0 = Debug|Any CPU
		{E18E89FF-0D36-41F5-BD43-76636282893E}.DefaultBuild|ARM64.ActiveCfg = Debug|Any CPU
		{E18E89FF-0D36-41F5-BD43-76636282893E}.DefaultBuild|ARM64.Build.0 = Debug|Any CPU
		{E18E89FF-0D36-41F5-BD43-76636282893E}.DefaultBuild|x64.ActiveCfg = Debug|x64
		{E18E89FF-0D36-41F5-BD43-76636282893E}.DefaultBuild|x64.Build.0 = Debug|x64
		{E18E89FF-0D36-41F5-BD43-76636282893E}.DefaultBuild|x86.ActiveCfg = Debug|x86
		{E18E89FF-0D36-41F5-BD43-76636282893E}.DefaultBuild|x86.Build.0 = Debug|x86
		{E18E89FF-0D36-41F5-BD43-76636282893E}.Release|Any CPU.ActiveCfg = Release|Any CPU
		{E18E89FF-0D36-41F5-BD43-76636282893E}.Release|Any CPU.Build.0 = Release|Any CPU
		{E18E89FF-0D36-41F5-BD43-76636282893E}.Release|ARM.ActiveCfg = Release|Any CPU
		{E18E89FF-0D36-41F5-BD43-76636282893E}.Release|ARM.Build.0 = Release|Any CPU
		{E18E89FF-0D36-41F5-BD43-76636282893E}.Release|ARM64.ActiveCfg = Release|Any CPU
		{E18E89FF-0D36-41F5-BD43-76636282893E}.Release|ARM64.Build.0 = Release|Any CPU
		{E18E89FF-0D36-41F5-BD43-76636282893E}.Release|x64.ActiveCfg = Release|x64
		{E18E89FF-0D36-41F5-BD43-76636282893E}.Release|x64.Build.0 = Release|x64
		{E18E89FF-0D36-41F5-BD43-76636282893E}.Release|x86.ActiveCfg = Release|x86
		{E18E89FF-0D36-41F5-BD43-76636282893E}.Release|x86.Build.0 = Release|x86
		{43DA7303-6DCF-4F4B-BEA1-860CD9AA0991}.All|Any CPU.ActiveCfg = Release|Any CPU
		{43DA7303-6DCF-4F4B-BEA1-860CD9AA0991}.All|Any CPU.Build.0 = Release|Any CPU
		{43DA7303-6DCF-4F4B-BEA1-860CD9AA0991}.All|ARM.ActiveCfg = Debug|Any CPU
		{43DA7303-6DCF-4F4B-BEA1-860CD9AA0991}.All|ARM.Build.0 = Debug|Any CPU
		{43DA7303-6DCF-4F4B-BEA1-860CD9AA0991}.All|ARM64.ActiveCfg = Debug|Any CPU
		{43DA7303-6DCF-4F4B-BEA1-860CD9AA0991}.All|ARM64.Build.0 = Debug|Any CPU
		{43DA7303-6DCF-4F4B-BEA1-860CD9AA0991}.All|x64.ActiveCfg = Debug|x64
		{43DA7303-6DCF-4F4B-BEA1-860CD9AA0991}.All|x64.Build.0 = Debug|x64
		{43DA7303-6DCF-4F4B-BEA1-860CD9AA0991}.All|x86.ActiveCfg = Debug|x86
		{43DA7303-6DCF-4F4B-BEA1-860CD9AA0991}.All|x86.Build.0 = Debug|x86
		{43DA7303-6DCF-4F4B-BEA1-860CD9AA0991}.Debug|Any CPU.ActiveCfg = Debug|Any CPU
		{43DA7303-6DCF-4F4B-BEA1-860CD9AA0991}.Debug|Any CPU.Build.0 = Debug|Any CPU
		{43DA7303-6DCF-4F4B-BEA1-860CD9AA0991}.Debug|ARM.ActiveCfg = Debug|Any CPU
		{43DA7303-6DCF-4F4B-BEA1-860CD9AA0991}.Debug|ARM.Build.0 = Debug|Any CPU
		{43DA7303-6DCF-4F4B-BEA1-860CD9AA0991}.Debug|ARM64.ActiveCfg = Debug|Any CPU
		{43DA7303-6DCF-4F4B-BEA1-860CD9AA0991}.Debug|ARM64.Build.0 = Debug|Any CPU
		{43DA7303-6DCF-4F4B-BEA1-860CD9AA0991}.Debug|x64.ActiveCfg = Debug|x64
		{43DA7303-6DCF-4F4B-BEA1-860CD9AA0991}.Debug|x64.Build.0 = Debug|x64
		{43DA7303-6DCF-4F4B-BEA1-860CD9AA0991}.Debug|x86.ActiveCfg = Debug|x86
		{43DA7303-6DCF-4F4B-BEA1-860CD9AA0991}.Debug|x86.Build.0 = Debug|x86
		{43DA7303-6DCF-4F4B-BEA1-860CD9AA0991}.DefaultBuild|Any CPU.ActiveCfg = Debug|Any CPU
		{43DA7303-6DCF-4F4B-BEA1-860CD9AA0991}.DefaultBuild|Any CPU.Build.0 = Debug|Any CPU
		{43DA7303-6DCF-4F4B-BEA1-860CD9AA0991}.DefaultBuild|ARM.ActiveCfg = Debug|Any CPU
		{43DA7303-6DCF-4F4B-BEA1-860CD9AA0991}.DefaultBuild|ARM.Build.0 = Debug|Any CPU
		{43DA7303-6DCF-4F4B-BEA1-860CD9AA0991}.DefaultBuild|ARM64.ActiveCfg = Debug|Any CPU
		{43DA7303-6DCF-4F4B-BEA1-860CD9AA0991}.DefaultBuild|ARM64.Build.0 = Debug|Any CPU
		{43DA7303-6DCF-4F4B-BEA1-860CD9AA0991}.DefaultBuild|x64.ActiveCfg = Debug|x64
		{43DA7303-6DCF-4F4B-BEA1-860CD9AA0991}.DefaultBuild|x64.Build.0 = Debug|x64
		{43DA7303-6DCF-4F4B-BEA1-860CD9AA0991}.DefaultBuild|x86.ActiveCfg = Debug|x86
		{43DA7303-6DCF-4F4B-BEA1-860CD9AA0991}.DefaultBuild|x86.Build.0 = Debug|x86
		{43DA7303-6DCF-4F4B-BEA1-860CD9AA0991}.Release|Any CPU.ActiveCfg = Release|Any CPU
		{43DA7303-6DCF-4F4B-BEA1-860CD9AA0991}.Release|Any CPU.Build.0 = Release|Any CPU
		{43DA7303-6DCF-4F4B-BEA1-860CD9AA0991}.Release|ARM.ActiveCfg = Release|Any CPU
		{43DA7303-6DCF-4F4B-BEA1-860CD9AA0991}.Release|ARM.Build.0 = Release|Any CPU
		{43DA7303-6DCF-4F4B-BEA1-860CD9AA0991}.Release|ARM64.ActiveCfg = Release|Any CPU
		{43DA7303-6DCF-4F4B-BEA1-860CD9AA0991}.Release|ARM64.Build.0 = Release|Any CPU
		{43DA7303-6DCF-4F4B-BEA1-860CD9AA0991}.Release|x64.ActiveCfg = Release|x64
		{43DA7303-6DCF-4F4B-BEA1-860CD9AA0991}.Release|x64.Build.0 = Release|x64
		{43DA7303-6DCF-4F4B-BEA1-860CD9AA0991}.Release|x86.ActiveCfg = Release|x86
		{43DA7303-6DCF-4F4B-BEA1-860CD9AA0991}.Release|x86.Build.0 = Release|x86
		{E152813F-1B80-4857-8151-C3819B520408}.All|Any CPU.ActiveCfg = Release|Any CPU
		{E152813F-1B80-4857-8151-C3819B520408}.All|Any CPU.Build.0 = Release|Any CPU
		{E152813F-1B80-4857-8151-C3819B520408}.All|Any CPU.Deploy.0 = Release|Any CPU
		{E152813F-1B80-4857-8151-C3819B520408}.All|ARM.ActiveCfg = Debug|ARM
		{E152813F-1B80-4857-8151-C3819B520408}.All|ARM.Build.0 = Debug|ARM
		{E152813F-1B80-4857-8151-C3819B520408}.All|ARM.Deploy.0 = Debug|ARM
		{E152813F-1B80-4857-8151-C3819B520408}.All|ARM64.ActiveCfg = Debug|ARM64
		{E152813F-1B80-4857-8151-C3819B520408}.All|ARM64.Build.0 = Debug|ARM64
		{E152813F-1B80-4857-8151-C3819B520408}.All|ARM64.Deploy.0 = Debug|ARM64
		{E152813F-1B80-4857-8151-C3819B520408}.All|x64.ActiveCfg = Debug|x64
		{E152813F-1B80-4857-8151-C3819B520408}.All|x64.Build.0 = Debug|x64
		{E152813F-1B80-4857-8151-C3819B520408}.All|x64.Deploy.0 = Debug|x64
		{E152813F-1B80-4857-8151-C3819B520408}.All|x86.ActiveCfg = Debug|x86
		{E152813F-1B80-4857-8151-C3819B520408}.All|x86.Build.0 = Debug|x86
		{E152813F-1B80-4857-8151-C3819B520408}.All|x86.Deploy.0 = Debug|x86
		{E152813F-1B80-4857-8151-C3819B520408}.Debug|Any CPU.ActiveCfg = Debug|Any CPU
		{E152813F-1B80-4857-8151-C3819B520408}.Debug|Any CPU.Build.0 = Debug|Any CPU
		{E152813F-1B80-4857-8151-C3819B520408}.Debug|Any CPU.Deploy.0 = Debug|Any CPU
		{E152813F-1B80-4857-8151-C3819B520408}.Debug|ARM.ActiveCfg = Debug|ARM
		{E152813F-1B80-4857-8151-C3819B520408}.Debug|ARM.Build.0 = Debug|ARM
		{E152813F-1B80-4857-8151-C3819B520408}.Debug|ARM.Deploy.0 = Debug|ARM
		{E152813F-1B80-4857-8151-C3819B520408}.Debug|ARM64.ActiveCfg = Debug|ARM64
		{E152813F-1B80-4857-8151-C3819B520408}.Debug|ARM64.Build.0 = Debug|ARM64
		{E152813F-1B80-4857-8151-C3819B520408}.Debug|ARM64.Deploy.0 = Debug|ARM64
		{E152813F-1B80-4857-8151-C3819B520408}.Debug|x64.ActiveCfg = Debug|x64
		{E152813F-1B80-4857-8151-C3819B520408}.Debug|x64.Build.0 = Debug|x64
		{E152813F-1B80-4857-8151-C3819B520408}.Debug|x64.Deploy.0 = Debug|x64
		{E152813F-1B80-4857-8151-C3819B520408}.Debug|x86.ActiveCfg = Debug|x86
		{E152813F-1B80-4857-8151-C3819B520408}.Debug|x86.Build.0 = Debug|x86
		{E152813F-1B80-4857-8151-C3819B520408}.Debug|x86.Deploy.0 = Debug|x86
		{E152813F-1B80-4857-8151-C3819B520408}.DefaultBuild|Any CPU.ActiveCfg = Debug|Any CPU
		{E152813F-1B80-4857-8151-C3819B520408}.DefaultBuild|Any CPU.Build.0 = Debug|Any CPU
		{E152813F-1B80-4857-8151-C3819B520408}.DefaultBuild|Any CPU.Deploy.0 = Debug|Any CPU
		{E152813F-1B80-4857-8151-C3819B520408}.DefaultBuild|ARM.ActiveCfg = Debug|ARM
		{E152813F-1B80-4857-8151-C3819B520408}.DefaultBuild|ARM.Build.0 = Debug|ARM
		{E152813F-1B80-4857-8151-C3819B520408}.DefaultBuild|ARM.Deploy.0 = Debug|ARM
		{E152813F-1B80-4857-8151-C3819B520408}.DefaultBuild|ARM64.ActiveCfg = Debug|ARM64
		{E152813F-1B80-4857-8151-C3819B520408}.DefaultBuild|ARM64.Build.0 = Debug|ARM64
		{E152813F-1B80-4857-8151-C3819B520408}.DefaultBuild|ARM64.Deploy.0 = Debug|ARM64
		{E152813F-1B80-4857-8151-C3819B520408}.DefaultBuild|x64.ActiveCfg = Debug|x64
		{E152813F-1B80-4857-8151-C3819B520408}.DefaultBuild|x64.Build.0 = Debug|x64
		{E152813F-1B80-4857-8151-C3819B520408}.DefaultBuild|x64.Deploy.0 = Debug|x64
		{E152813F-1B80-4857-8151-C3819B520408}.DefaultBuild|x86.ActiveCfg = Debug|x86
		{E152813F-1B80-4857-8151-C3819B520408}.DefaultBuild|x86.Build.0 = Debug|x86
		{E152813F-1B80-4857-8151-C3819B520408}.DefaultBuild|x86.Deploy.0 = Debug|x86
		{E152813F-1B80-4857-8151-C3819B520408}.Release|Any CPU.ActiveCfg = Release|Any CPU
		{E152813F-1B80-4857-8151-C3819B520408}.Release|Any CPU.Build.0 = Release|Any CPU
		{E152813F-1B80-4857-8151-C3819B520408}.Release|Any CPU.Deploy.0 = Release|Any CPU
		{E152813F-1B80-4857-8151-C3819B520408}.Release|ARM.ActiveCfg = Release|ARM
		{E152813F-1B80-4857-8151-C3819B520408}.Release|ARM.Build.0 = Release|ARM
		{E152813F-1B80-4857-8151-C3819B520408}.Release|ARM.Deploy.0 = Release|ARM
		{E152813F-1B80-4857-8151-C3819B520408}.Release|ARM64.ActiveCfg = Release|ARM64
		{E152813F-1B80-4857-8151-C3819B520408}.Release|ARM64.Build.0 = Release|ARM64
		{E152813F-1B80-4857-8151-C3819B520408}.Release|ARM64.Deploy.0 = Release|ARM64
		{E152813F-1B80-4857-8151-C3819B520408}.Release|x64.ActiveCfg = Release|x64
		{E152813F-1B80-4857-8151-C3819B520408}.Release|x64.Build.0 = Release|x64
		{E152813F-1B80-4857-8151-C3819B520408}.Release|x64.Deploy.0 = Release|x64
		{E152813F-1B80-4857-8151-C3819B520408}.Release|x86.ActiveCfg = Release|x86
		{E152813F-1B80-4857-8151-C3819B520408}.Release|x86.Build.0 = Release|x86
		{E152813F-1B80-4857-8151-C3819B520408}.Release|x86.Deploy.0 = Release|x86
	EndGlobalSection
	GlobalSection(SolutionProperties) = preSolution
		HideSolutionNode = FALSE
	EndGlobalSection
	GlobalSection(ExtensibilityGlobals) = postSolution
		SolutionGuid = {CB681D1F-ED9D-4079-BDD7-CACF17347114}
		RESX_SortFileContentOnSave = True
		RESX_ResXSortingComparison = CurrentCultureIgnoreCase
	EndGlobalSection
EndGlobal
